// !$*UTF8*$!
{
	archiveVersion = 1;
	classes = {
	};
	objectVersion = 46;
	objects = {

/* Begin PBXBuildFile section */
		0479EFE62092B70600482870 /* main.m in Sources */ = {isa = PBXBuildFile; fileRef = 0479EFE52092B70600482870 /* main.m */; };
		0479EFE92092B70600482870 /* AppDelegate.m in Sources */ = {isa = PBXBuildFile; fileRef = 0479EFE82092B70600482870 /* AppDelegate.m */; };
		0479EFEF2092B70600482870 /* Main.storyboard in Resources */ = {isa = PBXBuildFile; fileRef = 0479EFED2092B70600482870 /* Main.storyboard */; };
		0479EFF12092B70600482870 /* Assets.xcassets in Resources */ = {isa = PBXBuildFile; fileRef = 0479EFF02092B70600482870 /* Assets.xcassets */; };
		0479EFF42092B70600482870 /* LaunchScreen.storyboard in Resources */ = {isa = PBXBuildFile; fileRef = 0479EFF22092B70600482870 /* LaunchScreen.storyboard */; };
		0479EFFF2092B70600482870 /* _____Tests.m in Sources */ = {isa = PBXBuildFile; fileRef = 0479EFFE2092B70600482870 /* _____Tests.m */; };
		0479F00A2092B70600482870 /* _____UITests.m in Sources */ = {isa = PBXBuildFile; fileRef = 0479F0092092B70600482870 /* _____UITests.m */; };
		0479F0242092BCB600482870 /* MainController.m in Sources */ = {isa = PBXBuildFile; fileRef = 0479F0232092BCB600482870 /* MainController.m */; };
		0479F0272092C96700482870 /* CALayer+LayerColor.m in Sources */ = {isa = PBXBuildFile; fileRef = 0479F0262092C96700482870 /* CALayer+LayerColor.m */; };
		0479F02A2092D38700482870 /* UIColor+FlatUI.m in Sources */ = {isa = PBXBuildFile; fileRef = 0479F0292092D38700482870 /* UIColor+FlatUI.m */; };
		0479F02E2092E9AC00482870 /* HomeController.m in Sources */ = {isa = PBXBuildFile; fileRef = 0479F02D2092E9AC00482870 /* HomeController.m */; };
		0479F0312092E9BD00482870 /* AddController.m in Sources */ = {isa = PBXBuildFile; fileRef = 0479F0302092E9BD00482870 /* AddController.m */; };
		0479F0342092E9D200482870 /* MyController.m in Sources */ = {isa = PBXBuildFile; fileRef = 0479F0332092E9D200482870 /* MyController.m */; };
		0479F0372092F5B300482870 /* Spitslot.m in Sources */ = {isa = PBXBuildFile; fileRef = 0479F0362092F5B300482870 /* Spitslot.m */; };
		9774B5C7A8F31AC867CBF2CF /* libPods-全民来吐槽.a in Frameworks */ = {isa = PBXBuildFile; fileRef = 42243494A702E4270C40FDA1 /* libPods-全民来吐槽.a */; };
/* End PBXBuildFile section */

/* Begin PBXContainerItemProxy section */
		0479EFFB2092B70600482870 /* PBXContainerItemProxy */ = {
			isa = PBXContainerItemProxy;
			containerPortal = 0479EFD92092B70600482870 /* Project object */;
			proxyType = 1;
			remoteGlobalIDString = 0479EFE02092B70600482870;
			remoteInfo = "全民来吐槽";
		};
		0479F0062092B70600482870 /* PBXContainerItemProxy */ = {
			isa = PBXContainerItemProxy;
			containerPortal = 0479EFD92092B70600482870 /* Project object */;
			proxyType = 1;
			remoteGlobalIDString = 0479EFE02092B70600482870;
			remoteInfo = "全民来吐槽";
		};
/* End PBXContainerItemProxy section */

/* Begin PBXFileReference section */
		0479EFE12092B70600482870 /* 全民来吐槽.app */ = {isa = PBXFileReference; explicitFileType = wrapper.application; includeInIndex = 0; path = "全民来吐槽.app"; sourceTree = BUILT_PRODUCTS_DIR; };
		0479EFE52092B70600482870 /* main.m */ = {isa = PBXFileReference; lastKnownFileType = sourcecode.c.objc; path = main.m; sourceTree = "<group>"; };
		0479EFE72092B70600482870 /* AppDelegate.h */ = {isa = PBXFileReference; lastKnownFileType = sourcecode.c.h; name = AppDelegate.h; path = ../AppDelegate.h; sourceTree = "<group>"; };
		0479EFE82092B70600482870 /* AppDelegate.m */ = {isa = PBXFileReference; lastKnownFileType = sourcecode.c.objc; name = AppDelegate.m; path = ../AppDelegate.m; sourceTree = "<group>"; };
		0479EFEE2092B70600482870 /* Base */ = {isa = PBXFileReference; lastKnownFileType = file.storyboard; name = Base; path = Base.lproj/Main.storyboard; sourceTree = "<group>"; };
		0479EFF02092B70600482870 /* Assets.xcassets */ = {isa = PBXFileReference; lastKnownFileType = folder.assetcatalog; name = Assets.xcassets; path = ../Assets.xcassets; sourceTree = "<group>"; };
		0479EFF32092B70600482870 /* Base */ = {isa = PBXFileReference; lastKnownFileType = file.storyboard; name = Base; path = Base.lproj/LaunchScreen.storyboard; sourceTree = "<group>"; };
		0479EFF52092B70600482870 /* Info.plist */ = {isa = PBXFileReference; lastKnownFileType = text.plist.xml; name = Info.plist; path = ../Info.plist; sourceTree = "<group>"; };
		0479EFFA2092B70600482870 /* 全民来吐槽Tests.xctest */ = {isa = PBXFileReference; explicitFileType = wrapper.cfbundle; includeInIndex = 0; path = "全民来吐槽Tests.xctest"; sourceTree = BUILT_PRODUCTS_DIR; };
		0479EFFE2092B70600482870 /* _____Tests.m */ = {isa = PBXFileReference; lastKnownFileType = sourcecode.c.objc; path = "_____Tests.m"; sourceTree = "<group>"; };
		0479F0002092B70600482870 /* Info.plist */ = {isa = PBXFileReference; lastKnownFileType = text.plist.xml; path = Info.plist; sourceTree = "<group>"; };
		0479F0052092B70600482870 /* 全民来吐槽UITests.xctest */ = {isa = PBXFileReference; explicitFileType = wrapper.cfbundle; includeInIndex = 0; path = "全民来吐槽UITests.xctest"; sourceTree = BUILT_PRODUCTS_DIR; };
		0479F0092092B70600482870 /* _____UITests.m */ = {isa = PBXFileReference; lastKnownFileType = sourcecode.c.objc; path = "_____UITests.m"; sourceTree = "<group>"; };
		0479F00B2092B70600482870 /* Info.plist */ = {isa = PBXFileReference; lastKnownFileType = text.plist.xml; path = Info.plist; sourceTree = "<group>"; };
		0479F0222092BCB600482870 /* MainController.h */ = {isa = PBXFileReference; fileEncoding = 4; lastKnownFileType = sourcecode.c.h; path = MainController.h; sourceTree = "<group>"; };
		0479F0232092BCB600482870 /* MainController.m */ = {isa = PBXFileReference; fileEncoding = 4; lastKnownFileType = sourcecode.c.objc; path = MainController.m; sourceTree = "<group>"; };
		0479F0252092C96700482870 /* CALayer+LayerColor.h */ = {isa = PBXFileReference; fileEncoding = 4; lastKnownFileType = sourcecode.c.h; name = "CALayer+LayerColor.h"; path = "../Others/CALayer+LayerColor.h"; sourceTree = "<group>"; };
		0479F0262092C96700482870 /* CALayer+LayerColor.m */ = {isa = PBXFileReference; fileEncoding = 4; lastKnownFileType = sourcecode.c.objc; name = "CALayer+LayerColor.m"; path = "../Others/CALayer+LayerColor.m"; sourceTree = "<group>"; };
		0479F0282092D38700482870 /* UIColor+FlatUI.h */ = {isa = PBXFileReference; fileEncoding = 4; lastKnownFileType = sourcecode.c.h; name = "UIColor+FlatUI.h"; path = "../Others/UIColor+FlatUI.h"; sourceTree = "<group>"; };
		0479F0292092D38700482870 /* UIColor+FlatUI.m */ = {isa = PBXFileReference; fileEncoding = 4; lastKnownFileType = sourcecode.c.objc; name = "UIColor+FlatUI.m"; path = "../Others/UIColor+FlatUI.m"; sourceTree = "<group>"; };
		0479F02C2092E9AC00482870 /* HomeController.h */ = {isa = PBXFileReference; fileEncoding = 4; lastKnownFileType = sourcecode.c.h; path = HomeController.h; sourceTree = "<group>"; };
		0479F02D2092E9AC00482870 /* HomeController.m */ = {isa = PBXFileReference; fileEncoding = 4; lastKnownFileType = sourcecode.c.objc; path = HomeController.m; sourceTree = "<group>"; };
		0479F02F2092E9BD00482870 /* AddController.h */ = {isa = PBXFileReference; fileEncoding = 4; lastKnownFileType = sourcecode.c.h; path = AddController.h; sourceTree = "<group>"; };
		0479F0302092E9BD00482870 /* AddController.m */ = {isa = PBXFileReference; fileEncoding = 4; lastKnownFileType = sourcecode.c.objc; path = AddController.m; sourceTree = "<group>"; };
		0479F0322092E9D200482870 /* MyController.h */ = {isa = PBXFileReference; fileEncoding = 4; lastKnownFileType = sourcecode.c.h; path = MyController.h; sourceTree = "<group>"; };
		0479F0332092E9D200482870 /* MyController.m */ = {isa = PBXFileReference; fileEncoding = 4; lastKnownFileType = sourcecode.c.objc; path = MyController.m; sourceTree = "<group>"; };
		0479F0352092F5B300482870 /* Spitslot.h */ = {isa = PBXFileReference; fileEncoding = 4; lastKnownFileType = sourcecode.c.h; path = Spitslot.h; sourceTree = "<group>"; };
		0479F0362092F5B300482870 /* Spitslot.m */ = {isa = PBXFileReference; fileEncoding = 4; lastKnownFileType = sourcecode.c.objc; path = Spitslot.m; sourceTree = "<group>"; };
		42243494A702E4270C40FDA1 /* libPods-全民来吐槽.a */ = {isa = PBXFileReference; explicitFileType = archive.ar; includeInIndex = 0; path = "libPods-全民来吐槽.a"; sourceTree = BUILT_PRODUCTS_DIR; };
		598CD9A5AA5BC5CF8C44EBD0 /* Pods-全民来吐槽.debug.xcconfig */ = {isa = PBXFileReference; includeInIndex = 1; lastKnownFileType = text.xcconfig; name = "Pods-全民来吐槽.debug.xcconfig"; path = "Pods/Target Support Files/Pods-全民来吐槽/Pods-全民来吐槽.debug.xcconfig"; sourceTree = "<group>"; };
		A086F548E4C52308C1E6234A /* Pods-全民来吐槽.release.xcconfig */ = {isa = PBXFileReference; includeInIndex = 1; lastKnownFileType = text.xcconfig; name = "Pods-全民来吐槽.release.xcconfig"; path = "Pods/Target Support Files/Pods-全民来吐槽/Pods-全民来吐槽.release.xcconfig"; sourceTree = "<group>"; };
/* End PBXFileReference section */

/* Begin PBXFrameworksBuildPhase section */
		0479EFDE2092B70600482870 /* Frameworks */ = {
			isa = PBXFrameworksBuildPhase;
			buildActionMask = 2147483647;
			files = (
				9774B5C7A8F31AC867CBF2CF /* libPods-全民来吐槽.a in Frameworks */,
			);
			runOnlyForDeploymentPostprocessing = 0;
		};
		0479EFF72092B70600482870 /* Frameworks */ = {
			isa = PBXFrameworksBuildPhase;
			buildActionMask = 2147483647;
			files = (
			);
			runOnlyForDeploymentPostprocessing = 0;
		};
		0479F0022092B70600482870 /* Frameworks */ = {
			isa = PBXFrameworksBuildPhase;
			buildActionMask = 2147483647;
			files = (
			);
			runOnlyForDeploymentPostprocessing = 0;
		};
/* End PBXFrameworksBuildPhase section */

/* Begin PBXGroup section */
		0479EFD82092B70600482870 = {
			isa = PBXGroup;
			children = (
				0479EFE32092B70600482870 /* 全民来吐槽 */,
				0479EFFD2092B70600482870 /* 全民来吐槽Tests */,
				0479F0082092B70600482870 /* 全民来吐槽UITests */,
				0479EFE22092B70600482870 /* Products */,
				AA60D0A2BE71823672001A7F /* Pods */,
				AB56EFABEB3B76492EB55EEE /* Frameworks */,
			);
			sourceTree = "<group>";
		};
		0479EFE22092B70600482870 /* Products */ = {
			isa = PBXGroup;
			children = (
				0479EFE12092B70600482870 /* 全民来吐槽.app */,
				0479EFFA2092B70600482870 /* 全民来吐槽Tests.xctest */,
				0479F0052092B70600482870 /* 全民来吐槽UITests.xctest */,
			);
			name = Products;
			sourceTree = "<group>";
		};
		0479EFE32092B70600482870 /* 全民来吐槽 */ = {
			isa = PBXGroup;
			children = (
				0479F02B2092D3D600482870 /* Category */,
				0479F01A2092B9BE00482870 /* Tools */,
				0479F0172092B9BE00482870 /* Controllers */,
				0479F01B2092B9BE00482870 /* Views */,
				0479F0182092B9BE00482870 /* Models */,
				0479F0192092B9BE00482870 /* Others */,
				0479EFE42092B70600482870 /* Supporting Files */,
			);
			path = "全民来吐槽";
			sourceTree = "<group>";
		};
		0479EFE42092B70600482870 /* Supporting Files */ = {
			isa = PBXGroup;
			children = (
				0479EFE52092B70600482870 /* main.m */,
			);
			name = "Supporting Files";
			sourceTree = "<group>";
		};
		0479EFFD2092B70600482870 /* 全民来吐槽Tests */ = {
			isa = PBXGroup;
			children = (
				0479EFFE2092B70600482870 /* _____Tests.m */,
				0479F0002092B70600482870 /* Info.plist */,
			);
			path = "全民来吐槽Tests";
			sourceTree = "<group>";
		};
		0479F0082092B70600482870 /* 全民来吐槽UITests */ = {
			isa = PBXGroup;
			children = (
				0479F0092092B70600482870 /* _____UITests.m */,
				0479F00B2092B70600482870 /* Info.plist */,
			);
			path = "全民来吐槽UITests";
			sourceTree = "<group>";
		};
		0479F0172092B9BE00482870 /* Controllers */ = {
			isa = PBXGroup;
			children = (
				0479F0222092BCB600482870 /* MainController.h */,
				0479F0232092BCB600482870 /* MainController.m */,
				0479F02C2092E9AC00482870 /* HomeController.h */,
				0479F02D2092E9AC00482870 /* HomeController.m */,
				0479F02F2092E9BD00482870 /* AddController.h */,
				0479F0302092E9BD00482870 /* AddController.m */,
				0479F0322092E9D200482870 /* MyController.h */,
				0479F0332092E9D200482870 /* MyController.m */,
			);
			path = Controllers;
			sourceTree = "<group>";
		};
		0479F0182092B9BE00482870 /* Models */ = {
			isa = PBXGroup;
			children = (
				0479F0352092F5B300482870 /* Spitslot.h */,
				0479F0362092F5B300482870 /* Spitslot.m */,
			);
			path = Models;
			sourceTree = "<group>";
		};
		0479F0192092B9BE00482870 /* Others */ = {
			isa = PBXGroup;
			children = (
				0479EFE72092B70600482870 /* AppDelegate.h */,
				0479EFE82092B70600482870 /* AppDelegate.m */,
				0479EFED2092B70600482870 /* Main.storyboard */,
				0479EFF02092B70600482870 /* Assets.xcassets */,
				0479EFF22092B70600482870 /* LaunchScreen.storyboard */,
				0479EFF52092B70600482870 /* Info.plist */,
			);
			path = Others;
			sourceTree = "<group>";
		};
		0479F01A2092B9BE00482870 /* Tools */ = {
			isa = PBXGroup;
			children = (
			);
			path = Tools;
			sourceTree = "<group>";
		};
		0479F01B2092B9BE00482870 /* Views */ = {
			isa = PBXGroup;
			children = (
			);
			path = Views;
			sourceTree = "<group>";
		};
		0479F02B2092D3D600482870 /* Category */ = {
			isa = PBXGroup;
			children = (
				0479F0282092D38700482870 /* UIColor+FlatUI.h */,
				0479F0292092D38700482870 /* UIColor+FlatUI.m */,
				0479F0252092C96700482870 /* CALayer+LayerColor.h */,
				0479F0262092C96700482870 /* CALayer+LayerColor.m */,
			);
			path = Category;
			sourceTree = "<group>";
		};
		AA60D0A2BE71823672001A7F /* Pods */ = {
			isa = PBXGroup;
			children = (
				598CD9A5AA5BC5CF8C44EBD0 /* Pods-全民来吐槽.debug.xcconfig */,
				A086F548E4C52308C1E6234A /* Pods-全民来吐槽.release.xcconfig */,
			);
			name = Pods;
			sourceTree = "<group>";
		};
		AB56EFABEB3B76492EB55EEE /* Frameworks */ = {
			isa = PBXGroup;
			children = (
				42243494A702E4270C40FDA1 /* libPods-全民来吐槽.a */,
			);
			name = Frameworks;
			sourceTree = "<group>";
		};
/* End PBXGroup section */

/* Begin PBXNativeTarget section */
		0479EFE02092B70600482870 /* 全民来吐槽 */ = {
			isa = PBXNativeTarget;
			buildConfigurationList = 0479F00E2092B70600482870 /* Build configuration list for PBXNativeTarget "全民来吐槽" */;
			buildPhases = (
				FD057B089A41185CB72F32D5 /* [CP] Check Pods Manifest.lock */,
				0479EFDD2092B70600482870 /* Sources */,
				0479EFDE2092B70600482870 /* Frameworks */,
				0479EFDF2092B70600482870 /* Resources */,
				00FCDE5CFA8842224CBFE848 /* [CP] Embed Pods Frameworks */,
				79760FE43F152080FFC3FE37 /* [CP] Copy Pods Resources */,
			);
			buildRules = (
			);
			dependencies = (
			);
			name = "全民来吐槽";
			productName = "全民来吐槽";
			productReference = 0479EFE12092B70600482870 /* 全民来吐槽.app */;
			productType = "com.apple.product-type.application";
		};
		0479EFF92092B70600482870 /* 全民来吐槽Tests */ = {
			isa = PBXNativeTarget;
			buildConfigurationList = 0479F0112092B70600482870 /* Build configuration list for PBXNativeTarget "全民来吐槽Tests" */;
			buildPhases = (
				0479EFF62092B70600482870 /* Sources */,
				0479EFF72092B70600482870 /* Frameworks */,
				0479EFF82092B70600482870 /* Resources */,
			);
			buildRules = (
			);
			dependencies = (
				0479EFFC2092B70600482870 /* PBXTargetDependency */,
			);
			name = "全民来吐槽Tests";
			productName = "全民来吐槽Tests";
			productReference = 0479EFFA2092B70600482870 /* 全民来吐槽Tests.xctest */;
			productType = "com.apple.product-type.bundle.unit-test";
		};
		0479F0042092B70600482870 /* 全民来吐槽UITests */ = {
			isa = PBXNativeTarget;
			buildConfigurationList = 0479F0142092B70600482870 /* Build configuration list for PBXNativeTarget "全民来吐槽UITests" */;
			buildPhases = (
				0479F0012092B70600482870 /* Sources */,
				0479F0022092B70600482870 /* Frameworks */,
				0479F0032092B70600482870 /* Resources */,
			);
			buildRules = (
			);
			dependencies = (
				0479F0072092B70600482870 /* PBXTargetDependency */,
			);
			name = "全民来吐槽UITests";
			productName = "全民来吐槽UITests";
			productReference = 0479F0052092B70600482870 /* 全民来吐槽UITests.xctest */;
			productType = "com.apple.product-type.bundle.ui-testing";
		};
/* End PBXNativeTarget section */

/* Begin PBXProject section */
		0479EFD92092B70600482870 /* Project object */ = {
			isa = PBXProject;
			attributes = {
				LastUpgradeCheck = 0830;
				ORGANIZATIONNAME = Mac;
				TargetAttributes = {
					0479EFE02092B70600482870 = {
						CreatedOnToolsVersion = 8.3.2;
						DevelopmentTeam = 9GG46V5HYC;
						ProvisioningStyle = Automatic;
					};
					0479EFF92092B70600482870 = {
						CreatedOnToolsVersion = 8.3.2;
						DevelopmentTeam = 9GG46V5HYC;
						ProvisioningStyle = Automatic;
						TestTargetID = 0479EFE02092B70600482870;
					};
					0479F0042092B70600482870 = {
						CreatedOnToolsVersion = 8.3.2;
						DevelopmentTeam = 9GG46V5HYC;
						ProvisioningStyle = Automatic;
						TestTargetID = 0479EFE02092B70600482870;
					};
				};
			};
			buildConfigurationList = 0479EFDC2092B70600482870 /* Build configuration list for PBXProject "全民来吐槽" */;
			compatibilityVersion = "Xcode 3.2";
			developmentRegion = English;
			hasScannedForEncodings = 0;
			knownRegions = (
				en,
				Base,
			);
			mainGroup = 0479EFD82092B70600482870;
			productRefGroup = 0479EFE22092B70600482870 /* Products */;
			projectDirPath = "";
			projectRoot = "";
			targets = (
				0479EFE02092B70600482870 /* 全民来吐槽 */,
				0479EFF92092B70600482870 /* 全民来吐槽Tests */,
				0479F0042092B70600482870 /* 全民来吐槽UITests */,
			);
		};
/* End PBXProject section */

/* Begin PBXResourcesBuildPhase section */
		0479EFDF2092B70600482870 /* Resources */ = {
			isa = PBXResourcesBuildPhase;
			buildActionMask = 2147483647;
			files = (
				0479EFF42092B70600482870 /* LaunchScreen.storyboard in Resources */,
				0479EFF12092B70600482870 /* Assets.xcassets in Resources */,
				0479EFEF2092B70600482870 /* Main.storyboard in Resources */,
			);
			runOnlyForDeploymentPostprocessing = 0;
		};
		0479EFF82092B70600482870 /* Resources */ = {
			isa = PBXResourcesBuildPhase;
			buildActionMask = 2147483647;
			files = (
			);
			runOnlyForDeploymentPostprocessing = 0;
		};
		0479F0032092B70600482870 /* Resources */ = {
			isa = PBXResourcesBuildPhase;
			buildActionMask = 2147483647;
			files = (
			);
			runOnlyForDeploymentPostprocessing = 0;
		};
/* End PBXResourcesBuildPhase section */

/* Begin PBXShellScriptBuildPhase section */
		00FCDE5CFA8842224CBFE848 /* [CP] Embed Pods Frameworks */ = {
			isa = PBXShellScriptBuildPhase;
			buildActionMask = 2147483647;
			files = (
			);
			inputPaths = (
			);
			name = "[CP] Embed Pods Frameworks";
			outputPaths = (
			);
			runOnlyForDeploymentPostprocessing = 0;
			shellPath = /bin/sh;
			shellScript = "\"${SRCROOT}/Pods/Target Support Files/Pods-全民来吐槽/Pods-全民来吐槽-frameworks.sh\"\n";
			showEnvVarsInLog = 0;
		};
		79760FE43F152080FFC3FE37 /* [CP] Copy Pods Resources */ = {
			isa = PBXShellScriptBuildPhase;
			buildActionMask = 2147483647;
			files = (
			);
			inputPaths = (
			);
			name = "[CP] Copy Pods Resources";
			outputPaths = (
			);
			runOnlyForDeploymentPostprocessing = 0;
			shellPath = /bin/sh;
			shellScript = "\"${SRCROOT}/Pods/Target Support Files/Pods-全民来吐槽/Pods-全民来吐槽-resources.sh\"\n";
			showEnvVarsInLog = 0;
		};
		FD057B089A41185CB72F32D5 /* [CP] Check Pods Manifest.lock */ = {
			isa = PBXShellScriptBuildPhase;
			buildActionMask = 2147483647;
			files = (
			);
			inputPaths = (
			);
			name = "[CP] Check Pods Manifest.lock";
			outputPaths = (
			);
			runOnlyForDeploymentPostprocessing = 0;
			shellPath = /bin/sh;
			shellScript = "diff \"${PODS_PODFILE_DIR_PATH}/Podfile.lock\" \"${PODS_ROOT}/Manifest.lock\" > /dev/null\nif [ $? != 0 ] ; then\n    # print error to STDERR\n    echo \"error: The sandbox is not in sync with the Podfile.lock. Run 'pod install' or update your CocoaPods installation.\" >&2\n    exit 1\nfi\n";
			showEnvVarsInLog = 0;
		};
/* End PBXShellScriptBuildPhase section */

/* Begin PBXSourcesBuildPhase section */
		0479EFDD2092B70600482870 /* Sources */ = {
			isa = PBXSourcesBuildPhase;
			buildActionMask = 2147483647;
			files = (
				0479F0312092E9BD00482870 /* AddController.m in Sources */,
				0479F02A2092D38700482870 /* UIColor+FlatUI.m in Sources */,
				0479F0242092BCB600482870 /* MainController.m in Sources */,
				0479F0342092E9D200482870 /* MyController.m in Sources */,
				0479EFE92092B70600482870 /* AppDelegate.m in Sources */,
				0479EFE62092B70600482870 /* main.m in Sources */,
				0479F02E2092E9AC00482870 /* HomeController.m in Sources */,
				0479F0372092F5B300482870 /* Spitslot.m in Sources */,
				0479F0272092C96700482870 /* CALayer+LayerColor.m in Sources */,
			);
			runOnlyForDeploymentPostprocessing = 0;
		};
		0479EFF62092B70600482870 /* Sources */ = {
			isa = PBXSourcesBuildPhase;
			buildActionMask = 2147483647;
			files = (
				0479EFFF2092B70600482870 /* _____Tests.m in Sources */,
			);
			runOnlyForDeploymentPostprocessing = 0;
		};
		0479F0012092B70600482870 /* Sources */ = {
			isa = PBXSourcesBuildPhase;
			buildActionMask = 2147483647;
			files = (
				0479F00A2092B70600482870 /* _____UITests.m in Sources */,
			);
			runOnlyForDeploymentPostprocessing = 0;
		};
/* End PBXSourcesBuildPhase section */

/* Begin PBXTargetDependency section */
		0479EFFC2092B70600482870 /* PBXTargetDependency */ = {
			isa = PBXTargetDependency;
			target = 0479EFE02092B70600482870 /* 全民来吐槽 */;
			targetProxy = 0479EFFB2092B70600482870 /* PBXContainerItemProxy */;
		};
		0479F0072092B70600482870 /* PBXTargetDependency */ = {
			isa = PBXTargetDependency;
			target = 0479EFE02092B70600482870 /* 全民来吐槽 */;
			targetProxy = 0479F0062092B70600482870 /* PBXContainerItemProxy */;
		};
/* End PBXTargetDependency section */

/* Begin PBXVariantGroup section */
		0479EFED2092B70600482870 /* Main.storyboard */ = {
			isa = PBXVariantGroup;
			children = (
				0479EFEE2092B70600482870 /* Base */,
			);
			name = Main.storyboard;
			path = ..;
			sourceTree = "<group>";
		};
		0479EFF22092B70600482870 /* LaunchScreen.storyboard */ = {
			isa = PBXVariantGroup;
			children = (
				0479EFF32092B70600482870 /* Base */,
			);
			name = LaunchScreen.storyboard;
			path = ..;
			sourceTree = "<group>";
		};
/* End PBXVariantGroup section */

/* Begin XCBuildConfiguration section */
		0479F00C2092B70600482870 /* Debug */ = {
			isa = XCBuildConfiguration;
			buildSettings = {
				ALWAYS_SEARCH_USER_PATHS = NO;
				CLANG_ANALYZER_NONNULL = YES;
				CLANG_ANALYZER_NUMBER_OBJECT_CONVERSION = YES_AGGRESSIVE;
				CLANG_CXX_LANGUAGE_STANDARD = "gnu++0x";
				CLANG_CXX_LIBRARY = "libc++";
				CLANG_ENABLE_MODULES = YES;
				CLANG_ENABLE_OBJC_ARC = YES;
				CLANG_WARN_BOOL_CONVERSION = YES;
				CLANG_WARN_CONSTANT_CONVERSION = YES;
				CLANG_WARN_DIRECT_OBJC_ISA_USAGE = YES_ERROR;
				CLANG_WARN_DOCUMENTATION_COMMENTS = YES;
				CLANG_WARN_EMPTY_BODY = YES;
				CLANG_WARN_ENUM_CONVERSION = YES;
				CLANG_WARN_INFINITE_RECURSION = YES;
				CLANG_WARN_INT_CONVERSION = YES;
				CLANG_WARN_OBJC_ROOT_CLASS = YES_ERROR;
				CLANG_WARN_SUSPICIOUS_MOVE = YES;
				CLANG_WARN_UNREACHABLE_CODE = YES;
				CLANG_WARN__DUPLICATE_METHOD_MATCH = YES;
				"CODE_SIGN_IDENTITY[sdk=iphoneos*]" = "iPhone Developer";
				COPY_PHASE_STRIP = NO;
				DEBUG_INFORMATION_FORMAT = dwarf;
				ENABLE_STRICT_OBJC_MSGSEND = YES;
				ENABLE_TESTABILITY = YES;
				GCC_C_LANGUAGE_STANDARD = gnu99;
				GCC_DYNAMIC_NO_PIC = NO;
				GCC_NO_COMMON_BLOCKS = YES;
				GCC_OPTIMIZATION_LEVEL = 0;
				GCC_PREPROCESSOR_DEFINITIONS = (
					"DEBUG=1",
					"$(inherited)",
				);
				GCC_WARN_64_TO_32_BIT_CONVERSION = YES;
				GCC_WARN_ABOUT_RETURN_TYPE = YES_ERROR;
				GCC_WARN_UNDECLARED_SELECTOR = YES;
				GCC_WARN_UNINITIALIZED_AUTOS = YES_AGGRESSIVE;
				GCC_WARN_UNUSED_FUNCTION = YES;
				GCC_WARN_UNUSED_VARIABLE = YES;
				IPHONEOS_DEPLOYMENT_TARGET = 10.3;
				MTL_ENABLE_DEBUG_INFO = YES;
				ONLY_ACTIVE_ARCH = YES;
				SDKROOT = iphoneos;
			};
			name = Debug;
		};
		0479F00D2092B70600482870 /* Release */ = {
			isa = XCBuildConfiguration;
			buildSettings = {
				ALWAYS_SEARCH_USER_PATHS = NO;
				CLANG_ANALYZER_NONNULL = YES;
				CLANG_ANALYZER_NUMBER_OBJECT_CONVERSION = YES_AGGRESSIVE;
				CLANG_CXX_LANGUAGE_STANDARD = "gnu++0x";
				CLANG_CXX_LIBRARY = "libc++";
				CLANG_ENABLE_MODULES = YES;
				CLANG_ENABLE_OBJC_ARC = YES;
				CLANG_WARN_BOOL_CONVERSION = YES;
				CLANG_WARN_CONSTANT_CONVERSION = YES;
				CLANG_WARN_DIRECT_OBJC_ISA_USAGE = YES_ERROR;
				CLANG_WARN_DOCUMENTATION_COMMENTS = YES;
				CLANG_WARN_EMPTY_BODY = YES;
				CLANG_WARN_ENUM_CONVERSION = YES;
				CLANG_WARN_INFINITE_RECURSION = YES;
				CLANG_WARN_INT_CONVERSION = YES;
				CLANG_WARN_OBJC_ROOT_CLASS = YES_ERROR;
				CLANG_WARN_SUSPICIOUS_MOVE = YES;
				CLANG_WARN_UNREACHABLE_CODE = YES;
				CLANG_WARN__DUPLICATE_METHOD_MATCH = YES;
				"CODE_SIGN_IDENTITY[sdk=iphoneos*]" = "iPhone Developer";
				COPY_PHASE_STRIP = NO;
				DEBUG_INFORMATION_FORMAT = "dwarf-with-dsym";
				ENABLE_NS_ASSERTIONS = NO;
				ENABLE_STRICT_OBJC_MSGSEND = YES;
				GCC_C_LANGUAGE_STANDARD = gnu99;
				GCC_NO_COMMON_BLOCKS = YES;
				GCC_WARN_64_TO_32_BIT_CONVERSION = YES;
				GCC_WARN_ABOUT_RETURN_TYPE = YES_ERROR;
				GCC_WARN_UNDECLARED_SELECTOR = YES;
				GCC_WARN_UNINITIALIZED_AUTOS = YES_AGGRESSIVE;
				GCC_WARN_UNUSED_FUNCTION = YES;
				GCC_WARN_UNUSED_VARIABLE = YES;
				IPHONEOS_DEPLOYMENT_TARGET = 10.3;
				MTL_ENABLE_DEBUG_INFO = NO;
				SDKROOT = iphoneos;
				VALIDATE_PRODUCT = YES;
			};
			name = Release;
		};
		0479F00F2092B70600482870 /* Debug */ = {
			isa = XCBuildConfiguration;
			baseConfigurationReference = 598CD9A5AA5BC5CF8C44EBD0 /* Pods-全民来吐槽.debug.xcconfig */;
			buildSettings = {
				ASSETCATALOG_COMPILER_APPICON_NAME = AppIcon;
				DEVELOPMENT_TEAM = 9GG46V5HYC;
				INFOPLIST_FILE = "全民来吐槽/Info.plist";
				LD_RUNPATH_SEARCH_PATHS = "$(inherited) @executable_path/Frameworks";
				PRODUCT_BUNDLE_IDENTIFIER = "jyeoo.-----";
				PRODUCT_NAME = "$(TARGET_NAME)";
			};
			name = Debug;
		};
		0479F0102092B70600482870 /* Release */ = {
			isa = XCBuildConfiguration;
			baseConfigurationReference = A086F548E4C52308C1E6234A /* Pods-全民来吐槽.release.xcconfig */;
			buildSettings = {
				ASSETCATALOG_COMPILER_APPICON_NAME = AppIcon;
				DEVELOPMENT_TEAM = 9GG46V5HYC;
				INFOPLIST_FILE = "全民来吐槽/Info.plist";
				LD_RUNPATH_SEARCH_PATHS = "$(inherited) @executable_path/Frameworks";
				PRODUCT_BUNDLE_IDENTIFIER = "jyeoo.-----";
				PRODUCT_NAME = "$(TARGET_NAME)";
			};
			name = Release;
		};
		0479F0122092B70600482870 /* Debug */ = {
			isa = XCBuildConfiguration;
			buildSettings = {
				BUNDLE_LOADER = "$(TEST_HOST)";
				DEVELOPMENT_TEAM = 9GG46V5HYC;
				INFOPLIST_FILE = "全民来吐槽Tests/Info.plist";
				LD_RUNPATH_SEARCH_PATHS = "$(inherited) @executable_path/Frameworks @loader_path/Frameworks";
				PRODUCT_BUNDLE_IDENTIFIER = "jyeoo.-----Tests";
				PRODUCT_NAME = "$(TARGET_NAME)";
				TEST_HOST = "$(BUILT_PRODUCTS_DIR)/全民来吐槽.app/全民来吐槽";
			};
			name = Debug;
		};
		0479F0132092B70600482870 /* Release */ = {
			isa = XCBuildConfiguration;
			buildSettings = {
				BUNDLE_LOADER = "$(TEST_HOST)";
				DEVELOPMENT_TEAM = 9GG46V5HYC;
				INFOPLIST_FILE = "全民来吐槽Tests/Info.plist";
				LD_RUNPATH_SEARCH_PATHS = "$(inherited) @executable_path/Frameworks @loader_path/Frameworks";
				PRODUCT_BUNDLE_IDENTIFIER = "jyeoo.-----Tests";
				PRODUCT_NAME = "$(TARGET_NAME)";
				TEST_HOST = "$(BUILT_PRODUCTS_DIR)/全民来吐槽.app/全民来吐槽";
			};
			name = Release;
		};
		0479F0152092B70600482870 /* Debug */ = {
			isa = XCBuildConfiguration;
			buildSettings = {
				DEVELOPMENT_TEAM = 9GG46V5HYC;
				INFOPLIST_FILE = "全民来吐槽UITests/Info.plist";
				LD_RUNPATH_SEARCH_PATHS = "$(inherited) @executable_path/Frameworks @loader_path/Frameworks";
				PRODUCT_BUNDLE_IDENTIFIER = "jyeoo.-----UITests";
				PRODUCT_NAME = "$(TARGET_NAME)";
				TEST_TARGET_NAME = "全民来吐槽";
			};
			name = Debug;
		};
		0479F0162092B70600482870 /* Release */ = {
			isa = XCBuildConfiguration;
			buildSettings = {
				DEVELOPMENT_TEAM = 9GG46V5HYC;
				INFOPLIST_FILE = "全民来吐槽UITests/Info.plist";
				LD_RUNPATH_SEARCH_PATHS = "$(inherited) @executable_path/Frameworks @loader_path/Frameworks";
				PRODUCT_BUNDLE_IDENTIFIER = "jyeoo.-----UITests";
				PRODUCT_NAME = "$(TARGET_NAME)";
				TEST_TARGET_NAME = "全民来吐槽";
			};
			name = Release;
		};
/* End XCBuildConfiguration section */

/* Begin XCConfigurationList section */
		0479EFDC2092B70600482870 /* Build configuration list for PBXProject "全民来吐槽" */ = {
			isa = XCConfigurationList;
			buildConfigurations = (
				0479F00C2092B70600482870 /* Debug */,
				0479F00D2092B70600482870 /* Release */,
			);
			defaultConfigurationIsVisible = 0;
			defaultConfigurationName = Release;
		};
		0479F00E2092B70600482870 /* Build configuration list for PBXNativeTarget "全民来吐槽" */ = {
			isa = XCConfigurationList;
			buildConfigurations = (
				0479F00F2092B70600482870 /* Debug */,
				0479F0102092B70600482870 /* Release */,
			);
			defaultConfigurationIsVisible = 0;
			defaultConfigurationName = Release;
		};
		0479F0112092B70600482870 /* Build configuration list for PBXNativeTarget "全民来吐槽Tests" */ = {
			isa = XCConfigurationList;
			buildConfigurations = (
				0479F0122092B70600482870 /* Debug */,
				0479F0132092B70600482870 /* Release */,
			);
			defaultConfigurationIsVisible = 0;
			defaultConfigurationName = Release;
		};
		0479F0142092B70600482870 /* Build configuration list for PBXNativeTarget "全民来吐槽UITests" */ = {
			isa = XCConfigurationList;
			buildConfigurations = (
				0479F0152092B70600482870 /* Debug */,
				0479F0162092B70600482870 /* Release */,
			);
			defaultConfigurationIsVisible = 0;
			defaultConfigurationName = Release;
		};
/* End XCConfigurationList section */
	};
	rootObject = 0479EFD92092B70600482870 /* Project object */;
}
